{
  "nodes": {
    "nixpkgs": {
      "locked": {
        "lastModified": 0,
        "narHash": "sha256-9UTxR8eukdg+XZeHgxW5hQA9fIKHsKCdOIUycTryeVw=",
        "path": "/nix/store/60sn02zhawl3kwn0r515zff3h6hg6ydz-source",
        "type": "path"
      },
      "original": {
        "id": "nixpkgs",
        "type": "indirect"
      }
    },
    "nixpkgs-with-nghttp2-asio": {
      "locked": {
        "lastModified": 1687886075,
        "narHash": "sha256-PeayJDDDy+uw1Ats4moZnRdL1OFuZm1Tj+KiHlD67+o=",
        "owner": "NixOS",
        "repo": "nixpkgs",
        "rev": "a565059a348422af5af9026b5174dc5c0dcefdae",
        "type": "github"
      },
      "original": {
        "owner": "NixOS",
        "repo": "nixpkgs",
        "rev": "a565059a348422af5af9026b5174dc5c0dcefdae",
        "type": "github"
      }
    },
    "root": {
      "inputs": {
        "nixpkgs": "nixpkgs",
        "nixpkgs-with-nghttp2-asio": "nixpkgs-with-nghttp2-asio"
      }
    }
  },
  "root": "root",
  "version": 7
}
