// !$*UTF8*$!
{
	archiveVersion = 1;
	classes = {
	};
	objectVersion = 46;
	objects = {

/* Begin PBXBuildFile section */
		225C6CEC19D2FBD6009ED695 /* main.cpp in Sources */ = {isa = PBXBuildFile; fileRef = 225C6CEB19D2FBD6009ED695 /* main.cpp */; };
		225C6DB319D2FBE9009ED695 /* agent.cc in Sources */ = {isa = PBXBuildFile; fileRef = 225C6CFB19D2FBE8009ED695 /* agent.cc */; };
		225C6DB419D2FBE9009ED695 /* authdb-file.cc in Sources */ = {isa = PBXBuildFile; fileRef = 225C6CFD19D2FBE8009ED695 /* authdb-file.cc */; };
		225C6DB519D2FBE9009ED695 /* authdb-odbc.cc in Sources */ = {isa = PBXBuildFile; fileRef = 225C6CFE19D2FBE8009ED695 /* authdb-odbc.cc */; };
		225C6DB619D2FBE9009ED695 /* authdb.cc in Sources */ = {isa = PBXBuildFile; fileRef = 225C6CFF19D2FBE8009ED695 /* authdb.cc */; };
		225C6DB719D2FBE9009ED695 /* cJSON.c in Sources */ = {isa = PBXBuildFile; fileRef = 225C6D0119D2FBE8009ED695 /* cJSON.c */; };
		225C6DB819D2FBE9009ED695 /* callcontext-mediarelay.cc in Sources */ = {isa = PBXBuildFile; fileRef = 225C6D0319D2FBE8009ED695 /* callcontext-mediarelay.cc */; };
		225C6DB919D2FBE9009ED695 /* callcontext-transcoder.cc in Sources */ = {isa = PBXBuildFile; fileRef = 225C6D0519D2FBE8009ED695 /* callcontext-transcoder.cc */; };
		225C6DBA19D2FBE9009ED695 /* callstore.cc in Sources */ = {isa = PBXBuildFile; fileRef = 225C6D0719D2FBE8009ED695 /* callstore.cc */; };
		225C6DBB19D2FBE9009ED695 /* common.cc in Sources */ = {isa = PBXBuildFile; fileRef = 225C6D0919D2FBE8009ED695 /* common.cc */; };
		225C6DBC19D2FBE9009ED695 /* configmanager.cc in Sources */ = {isa = PBXBuildFile; fileRef = 225C6D0B19D2FBE8009ED695 /* configmanager.cc */; };
		225C6DBD19D2FBE9009ED695 /* contact-masquerader.cc in Sources */ = {isa = PBXBuildFile; fileRef = 225C6D0D19D2FBE8009ED695 /* contact-masquerader.cc */; };
		225C6DBE19D2FBE9009ED695 /* dos-protection.cc in Sources */ = {isa = PBXBuildFile; fileRef = 225C6D0F19D2FBE8009ED695 /* dos-protection.cc */; };
		225C6DBF19D2FBE9009ED695 /* entryfilter.cc in Sources */ = {isa = PBXBuildFile; fileRef = 225C6D1119D2FBE8009ED695 /* entryfilter.cc */; };
		225C6DC019D2FBE9009ED695 /* etchosts.cc in Sources */ = {isa = PBXBuildFile; fileRef = 225C6D1319D2FBE8009ED695 /* etchosts.cc */; };
		225C6DC119D2FBE9009ED695 /* event.cc in Sources */ = {isa = PBXBuildFile; fileRef = 225C6D1519D2FBE8009ED695 /* event.cc */; };
		225C6DC219D2FBE9009ED695 /* eventlogs.cc in Sources */ = {isa = PBXBuildFile; fileRef = 225C6D1819D2FBE8009ED695 /* eventlogs.cc */; };
		225C6DC319D2FBE9009ED695 /* expressionparser.cc in Sources */ = {isa = PBXBuildFile; fileRef = 225C6D1A19D2FBE8009ED695 /* expressionparser.cc */; };
		225C6DC419D2FBE9009ED695 /* flexisip-exception.cc in Sources */ = {isa = PBXBuildFile; fileRef = 225C6D1C19D2FBE8009ED695 /* flexisip-exception.cc */; };
		225C6DC519D2FBE9009ED695 /* forkbasiccontext.cc in Sources */ = {isa = PBXBuildFile; fileRef = 225C6D2019D2FBE8009ED695 /* forkbasiccontext.cc */; };
		225C6DC619D2FBE9009ED695 /* forkcallcontext.cc in Sources */ = {isa = PBXBuildFile; fileRef = 225C6D2219D2FBE8009ED695 /* forkcallcontext.cc */; };
		225C6DC719D2FBE9009ED695 /* forkcontext.cc in Sources */ = {isa = PBXBuildFile; fileRef = 225C6D2419D2FBE8009ED695 /* forkcontext.cc */; };
		225C6DC819D2FBE9009ED695 /* forkmessagecontext.cc in Sources */ = {isa = PBXBuildFile; fileRef = 225C6D2619D2FBE8009ED695 /* forkmessagecontext.cc */; };
		225C6DC919D2FBE9009ED695 /* h264iframefilter.cc in Sources */ = {isa = PBXBuildFile; fileRef = 225C6D2819D2FBE8009ED695 /* h264iframefilter.cc */; };
		225C6DCA19D2FBE9009ED695 /* logmanager.cc in Sources */ = {isa = PBXBuildFile; fileRef = 225C6D2C19D2FBE8009ED695 /* logmanager.cc */; };
		225C6DCB19D2FBE9009ED695 /* workaround.cc in Sources */ = {isa = PBXBuildFile; fileRef = 225C6D2E19D2FBE8009ED695 /* workaround.cc */; };
		225C6DCC19D2FBE9009ED695 /* lpconfig.cc in Sources */ = {isa = PBXBuildFile; fileRef = 225C6D2F19D2FBE8009ED695 /* lpconfig.cc */; };
		225C6DCD19D2FBE9009ED695 /* main.cc in Sources */ = {isa = PBXBuildFile; fileRef = 225C6D3119D2FBE8009ED695 /* main.cc */; };
		225C6DCE19D2FBE9009ED695 /* mediarelay.cc in Sources */ = {isa = PBXBuildFile; fileRef = 225C6D3219D2FBE8009ED695 /* mediarelay.cc */; };
		225C6DCF19D2FBE9009ED695 /* flexisipMIB.c in Sources */ = {isa = PBXBuildFile; fileRef = 225C6D3B19D2FBE8009ED695 /* flexisipMIB.c */; };
		225C6DD019D2FBE9009ED695 /* flexisipMIB.c in Sources */ = {isa = PBXBuildFile; fileRef = 225C6D4019D2FBE8009ED695 /* flexisipMIB.c */; };
		225C6DD119D2FBE9009ED695 /* module-auth.cc in Sources */ = {isa = PBXBuildFile; fileRef = 225C6D4419D2FBE8009ED695 /* module-auth.cc */; };
		225C6DD219D2FBE9009ED695 /* module-contact-route-inserter.cc in Sources */ = {isa = PBXBuildFile; fileRef = 225C6D4519D2FBE8009ED695 /* module-contact-route-inserter.cc */; };
		225C6DD319D2FBE9009ED695 /* module-datehandler.cc in Sources */ = {isa = PBXBuildFile; fileRef = 225C6D4619D2FBE8009ED695 /* module-datehandler.cc */; };
		225C6DD419D2FBE9009ED695 /* module-forward.cc in Sources */ = {isa = PBXBuildFile; fileRef = 225C6D4719D2FBE8009ED695 /* module-forward.cc */; };
		225C6DD519D2FBE9009ED695 /* module-garbage-in.cc in Sources */ = {isa = PBXBuildFile; fileRef = 225C6D4819D2FBE8009ED695 /* module-garbage-in.cc */; };
		225C6DD619D2FBE9009ED695 /* module-gatewayadapter.cc in Sources */ = {isa = PBXBuildFile; fileRef = 225C6D4919D2FBE8009ED695 /* module-gatewayadapter.cc */; };
		225C6DD719D2FBE9009ED695 /* module-loadbalancer.cc in Sources */ = {isa = PBXBuildFile; fileRef = 225C6D4A19D2FBE8009ED695 /* module-loadbalancer.cc */; };
		225C6DD819D2FBE9009ED695 /* module-mediarelay.cc in Sources */ = {isa = PBXBuildFile; fileRef = 225C6D4B19D2FBE8009ED695 /* module-mediarelay.cc */; };
		225C6DD919D2FBE9009ED695 /* module-nat-helper.cc in Sources */ = {isa = PBXBuildFile; fileRef = 225C6D4C19D2FBE8009ED695 /* module-nat-helper.cc */; };
		225C6DDA19D2FBE9009ED695 /* module-presence.cc in Sources */ = {isa = PBXBuildFile; fileRef = 225C6D4D19D2FBE8009ED695 /* module-presence.cc */; };
		225C6DDB19D2FBE9009ED695 /* module-pushnotification.cc in Sources */ = {isa = PBXBuildFile; fileRef = 225C6D4E19D2FBE8009ED695 /* module-pushnotification.cc */; };
		225C6DDC19D2FBE9009ED695 /* module-registrar.cc in Sources */ = {isa = PBXBuildFile; fileRef = 225C6D4F19D2FBE8009ED695 /* module-registrar.cc */; };
		225C6DDD19D2FBE9009ED695 /* module-router.cc in Sources */ = {isa = PBXBuildFile; fileRef = 225C6D5119D2FBE8009ED695 /* module-router.cc */; };
		225C6DDE19D2FBE9009ED695 /* module-sanitychecker.cc in Sources */ = {isa = PBXBuildFile; fileRef = 225C6D5219D2FBE8009ED695 /* module-sanitychecker.cc */; };
		225C6DDF19D2FBE9009ED695 /* module-transcode.cc in Sources */ = {isa = PBXBuildFile; fileRef = 225C6D5319D2FBE8009ED695 /* module-transcode.cc */; };
		225C6DE019D2FBE9009ED695 /* module.cc in Sources */ = {isa = PBXBuildFile; fileRef = 225C6D5419D2FBE8009ED695 /* module.cc */; };
		225C6DE119D2FBE9009ED695 /* pidf+xml-pimpl.cxx in Sources */ = {isa = PBXBuildFile; fileRef = 225C6D5C19D2FBE8009ED695 /* pidf+xml-pimpl.cxx */; };
		225C6DE219D2FBE9009ED695 /* pidf+xml-pskel.cxx in Sources */ = {isa = PBXBuildFile; fileRef = 225C6D5E19D2FBE8009ED695 /* pidf+xml-pskel.cxx */; };
		225C6DE319D2FBE9009ED695 /* pidf+xml.cxx in Sources */ = {isa = PBXBuildFile; fileRef = 225C6D6019D2FBE8009ED695 /* pidf+xml.cxx */; };
		225C6DE419D2FBE9009ED695 /* file-resource-list-manager.cc in Sources */ = {isa = PBXBuildFile; fileRef = 225C6D6419D2FBE8009ED695 /* file-resource-list-manager.cc */; };
		225C6DE519D2FBE9009ED695 /* presence-configmanager.cc in Sources */ = {isa = PBXBuildFile; fileRef = 225C6D6619D2FBE8009ED695 /* presence-configmanager.cc */; };
		225C6DE619D2FBE9009ED695 /* presence-server.cc in Sources */ = {isa = PBXBuildFile; fileRef = 225C6D6819D2FBE8009ED695 /* presence-server.cc */; };
		225C6DE719D2FBE9009ED695 /* presentity-presenceinformation.cc in Sources */ = {isa = PBXBuildFile; fileRef = 225C6D6B19D2FBE8009ED695 /* presentity-presenceinformation.cc */; };
		225C6DE819D2FBE9009ED695 /* resource-lists-pimpl.cxx in Sources */ = {isa = PBXBuildFile; fileRef = 225C6D7019D2FBE8009ED695 /* resource-lists-pimpl.cxx */; };
		225C6DE919D2FBE9009ED695 /* resource-lists-pskel.cxx in Sources */ = {isa = PBXBuildFile; fileRef = 225C6D7219D2FBE8009ED695 /* resource-lists-pskel.cxx */; };
		225C6DEA19D2FBE9009ED695 /* resource-lists.cxx in Sources */ = {isa = PBXBuildFile; fileRef = 225C6D7419D2FBE8009ED695 /* resource-lists.cxx */; };
		225C6DEB19D2FBE9009ED695 /* signaling-exception.cc in Sources */ = {isa = PBXBuildFile; fileRef = 225C6D7719D2FBE8009ED695 /* signaling-exception.cc */; };
		225C6DEC19D2FBE9009ED695 /* subscription.cc in Sources */ = {isa = PBXBuildFile; fileRef = 225C6D7919D2FBE8009ED695 /* subscription.cc */; };
		225C6DED19D2FBE9009ED695 /* xml-pimpl.cxx in Sources */ = {isa = PBXBuildFile; fileRef = 225C6D7D19D2FBE8009ED695 /* xml-pimpl.cxx */; };
		225C6DEE19D2FBE9009ED695 /* xml-pskel.cxx in Sources */ = {isa = PBXBuildFile; fileRef = 225C6D7F19D2FBE8009ED695 /* xml-pskel.cxx */; };
		225C6DEF19D2FBE9009ED695 /* xml.cxx in Sources */ = {isa = PBXBuildFile; fileRef = 225C6D8119D2FBE8009ED695 /* xml.cxx */; };
		225C6DF019D2FBE9009ED695 /* proxy-configmanager.cc in Sources */ = {isa = PBXBuildFile; fileRef = 225C6D8419D2FBE8009ED695 /* proxy-configmanager.cc */; };
		225C6DF119D2FBE9009ED695 /* pushnotification.cc in Sources */ = {isa = PBXBuildFile; fileRef = 225C6D8819D2FBE8009ED695 /* pushnotification.cc */; };
		225C6DF219D2FBE9009ED695 /* pushnotificationclient.cc in Sources */ = {isa = PBXBuildFile; fileRef = 225C6D8A19D2FBE8009ED695 /* pushnotificationclient.cc */; };
		225C6DF319D2FBE9009ED695 /* pushnotificationservice.cc in Sources */ = {isa = PBXBuildFile; fileRef = 225C6D8C19D2FBE8009ED695 /* pushnotificationservice.cc */; };
		225C6DF419D2FBE9009ED695 /* recordserializer-c.cc in Sources */ = {isa = PBXBuildFile; fileRef = 225C6D8E19D2FBE8009ED695 /* recordserializer-c.cc */; };
		225C6DF519D2FBE9009ED695 /* recordserializer-json.cc in Sources */ = {isa = PBXBuildFile; fileRef = 225C6D8F19D2FBE8009ED695 /* recordserializer-json.cc */; };
		225C6DF619D2FBE9009ED695 /* recordserializer-protobuf.cc in Sources */ = {isa = PBXBuildFile; fileRef = 225C6D9019D2FBE8009ED695 /* recordserializer-protobuf.cc */; };
		225C6DF719D2FBE9009ED695 /* registrardb-internal.cc in Sources */ = {isa = PBXBuildFile; fileRef = 225C6D9319D2FBE8009ED695 /* registrardb-internal.cc */; };
		225C6DF819D2FBE9009ED695 /* registrardb-redis-async.cc in Sources */ = {isa = PBXBuildFile; fileRef = 225C6D9519D2FBE8009ED695 /* registrardb-redis-async.cc */; };
		225C6DF919D2FBE9009ED695 /* registrardb-redis-sync.cc in Sources */ = {isa = PBXBuildFile; fileRef = 225C6D9719D2FBE8009ED695 /* registrardb-redis-sync.cc */; };
		225C6DFA19D2FBE9009ED695 /* registrardb.cc in Sources */ = {isa = PBXBuildFile; fileRef = 225C6D9919D2FBE8009ED695 /* registrardb.cc */; };
		225C6DFB19D2FBE9009ED695 /* sdp-modifier.cc in Sources */ = {isa = PBXBuildFile; fileRef = 225C6D9B19D2FBE8009ED695 /* sdp-modifier.cc */; };
		225C6DFC19D2FBE9009ED695 /* sipattrextractor.cc in Sources */ = {isa = PBXBuildFile; fileRef = 225C6D9D19D2FBE8009ED695 /* sipattrextractor.cc */; };
		225C6DFD19D2FBE9009ED695 /* snmp-agent.cc in Sources */ = {isa = PBXBuildFile; fileRef = 225C6D9F19D2FBE8009ED695 /* snmp-agent.cc */; };
		225C6DFE19D2FBE9009ED695 /* stun.cc in Sources */ = {isa = PBXBuildFile; fileRef = 225C6DA119D2FBE8009ED695 /* stun.cc */; };
		225C6DFF19D2FBE9009ED695 /* telephone-event-filter.cc in Sources */ = {isa = PBXBuildFile; fileRef = 225C6DA319D2FBE8009ED695 /* telephone-event-filter.cc */; };
		225C6E0019D2FBE9009ED695 /* expr.cc in Sources */ = {isa = PBXBuildFile; fileRef = 225C6DA819D2FBE8009ED695 /* expr.cc */; };
		225C6E0119D2FBE9009ED695 /* binder.cc in Sources */ = {isa = PBXBuildFile; fileRef = 225C6DAB19D2FBE8009ED695 /* binder.cc */; };
		225C6E0219D2FBE9009ED695 /* ctdumper.cc in Sources */ = {isa = PBXBuildFile; fileRef = 225C6DAC19D2FBE8009ED695 /* ctdumper.cc */; };
		225C6E0319D2FBE9009ED695 /* pusher.cc in Sources */ = {isa = PBXBuildFile; fileRef = 225C6DAD19D2FBE8009ED695 /* pusher.cc */; };
		225C6E0419D2FBE9009ED695 /* serializer.cc in Sources */ = {isa = PBXBuildFile; fileRef = 225C6DAE19D2FBE8009ED695 /* serializer.cc */; };
		225C6E0519D2FBE9009ED695 /* transaction.cc in Sources */ = {isa = PBXBuildFile; fileRef = 225C6DAF19D2FBE8009ED695 /* transaction.cc */; };
		225C6E0619D2FBE9009ED695 /* uac-register.cc in Sources */ = {isa = PBXBuildFile; fileRef = 225C6DB119D2FBE8009ED695 /* uac-register.cc */; };
/* End PBXBuildFile section */

/* Begin PBXCopyFilesBuildPhase section */
		225C6CE619D2FBD6009ED695 /* CopyFiles */ = {
			isa = PBXCopyFilesBuildPhase;
			buildActionMask = 2147483647;
			dstPath = /usr/share/man/man1/;
			dstSubfolderSpec = 0;
			files = (
			);
			runOnlyForDeploymentPostprocessing = 1;
		};
/* End PBXCopyFilesBuildPhase section */

/* Begin PBXFileReference section */
		225C6CE819D2FBD6009ED695 /* dummy */ = {isa = PBXFileReference; explicitFileType = "compiled.mach-o.executable"; includeInIndex = 0; path = dummy; sourceTree = BUILT_PRODUCTS_DIR; };
		225C6CEB19D2FBD6009ED695 /* main.cpp */ = {isa = PBXFileReference; lastKnownFileType = sourcecode.cpp.cpp; path = main.cpp; sourceTree = "<group>"; };
		225C6CF919D2FBE8009ED695 /* Makefile.am */ = {isa = PBXFileReference; fileEncoding = 4; lastKnownFileType = text; path = Makefile.am; sourceTree = "<group>"; };
		225C6CFA19D2FBE8009ED695 /* Makefile.in */ = {isa = PBXFileReference; fileEncoding = 4; lastKnownFileType = text; path = Makefile.in; sourceTree = "<group>"; };
		225C6CFB19D2FBE8009ED695 /* agent.cc */ = {isa = PBXFileReference; fileEncoding = 4; lastKnownFileType = sourcecode.cpp.cpp; path = agent.cc; sourceTree = "<group>"; };
		225C6CFC19D2FBE8009ED695 /* agent.hh */ = {isa = PBXFileReference; fileEncoding = 4; lastKnownFileType = sourcecode.cpp.h; path = agent.hh; sourceTree = "<group>"; };
		225C6CFD19D2FBE8009ED695 /* authdb-file.cc */ = {isa = PBXFileReference; fileEncoding = 4; lastKnownFileType = sourcecode.cpp.cpp; path = "authdb-file.cc"; sourceTree = "<group>"; };
		225C6CFE19D2FBE8009ED695 /* authdb-odbc.cc */ = {isa = PBXFileReference; fileEncoding = 4; lastKnownFileType = sourcecode.cpp.cpp; path = "authdb-odbc.cc"; sourceTree = "<group>"; };
		225C6CFF19D2FBE8009ED695 /* authdb.cc */ = {isa = PBXFileReference; fileEncoding = 4; lastKnownFileType = sourcecode.cpp.cpp; path = authdb.cc; sourceTree = "<group>"; };
		225C6D0019D2FBE8009ED695 /* authdb.hh */ = {isa = PBXFileReference; fileEncoding = 4; lastKnownFileType = sourcecode.cpp.h; path = authdb.hh; sourceTree = "<group>"; };
		225C6D0119D2FBE8009ED695 /* cJSON.c */ = {isa = PBXFileReference; fileEncoding = 4; lastKnownFileType = sourcecode.c.c; path = cJSON.c; sourceTree = "<group>"; };
		225C6D0219D2FBE8009ED695 /* cJSON.h */ = {isa = PBXFileReference; fileEncoding = 4; lastKnownFileType = sourcecode.c.h; path = cJSON.h; sourceTree = "<group>"; };
		225C6D0319D2FBE8009ED695 /* callcontext-mediarelay.cc */ = {isa = PBXFileReference; fileEncoding = 4; lastKnownFileType = sourcecode.cpp.cpp; path = "callcontext-mediarelay.cc"; sourceTree = "<group>"; };
		225C6D0419D2FBE8009ED695 /* callcontext-mediarelay.hh */ = {isa = PBXFileReference; fileEncoding = 4; lastKnownFileType = sourcecode.cpp.h; path = "callcontext-mediarelay.hh"; sourceTree = "<group>"; };
		225C6D0519D2FBE8009ED695 /* callcontext-transcoder.cc */ = {isa = PBXFileReference; fileEncoding = 4; lastKnownFileType = sourcecode.cpp.cpp; path = "callcontext-transcoder.cc"; sourceTree = "<group>"; };
		225C6D0619D2FBE8009ED695 /* callcontext-transcoder.hh */ = {isa = PBXFileReference; fileEncoding = 4; lastKnownFileType = sourcecode.cpp.h; path = "callcontext-transcoder.hh"; sourceTree = "<group>"; };
		225C6D0719D2FBE8009ED695 /* callstore.cc */ = {isa = PBXFileReference; fileEncoding = 4; lastKnownFileType = sourcecode.cpp.cpp; path = callstore.cc; sourceTree = "<group>"; };
		225C6D0819D2FBE8009ED695 /* callstore.hh */ = {isa = PBXFileReference; fileEncoding = 4; lastKnownFileType = sourcecode.cpp.h; path = callstore.hh; sourceTree = "<group>"; };
		225C6D0919D2FBE8009ED695 /* common.cc */ = {isa = PBXFileReference; fileEncoding = 4; lastKnownFileType = sourcecode.cpp.cpp; path = common.cc; sourceTree = "<group>"; };
		225C6D0A19D2FBE8009ED695 /* common.hh */ = {isa = PBXFileReference; fileEncoding = 4; lastKnownFileType = sourcecode.cpp.h; path = common.hh; sourceTree = "<group>"; };
		225C6D0B19D2FBE8009ED695 /* configmanager.cc */ = {isa = PBXFileReference; fileEncoding = 4; lastKnownFileType = sourcecode.cpp.cpp; path = configmanager.cc; sourceTree = "<group>"; };
		225C6D0C19D2FBE8009ED695 /* configmanager.hh */ = {isa = PBXFileReference; fileEncoding = 4; lastKnownFileType = sourcecode.cpp.h; path = configmanager.hh; sourceTree = "<group>"; };
		225C6D0D19D2FBE8009ED695 /* contact-masquerader.cc */ = {isa = PBXFileReference; fileEncoding = 4; lastKnownFileType = sourcecode.cpp.cpp; path = "contact-masquerader.cc"; sourceTree = "<group>"; };
		225C6D0E19D2FBE8009ED695 /* contact-masquerader.hh */ = {isa = PBXFileReference; fileEncoding = 4; lastKnownFileType = sourcecode.cpp.h; path = "contact-masquerader.hh"; sourceTree = "<group>"; };
		225C6D0F19D2FBE8009ED695 /* dos-protection.cc */ = {isa = PBXFileReference; fileEncoding = 4; lastKnownFileType = sourcecode.cpp.cpp; path = "dos-protection.cc"; sourceTree = "<group>"; };
		225C6D1019D2FBE8009ED695 /* dos-protection.hh */ = {isa = PBXFileReference; fileEncoding = 4; lastKnownFileType = sourcecode.cpp.h; path = "dos-protection.hh"; sourceTree = "<group>"; };
		225C6D1119D2FBE8009ED695 /* entryfilter.cc */ = {isa = PBXFileReference; fileEncoding = 4; lastKnownFileType = sourcecode.cpp.cpp; path = entryfilter.cc; sourceTree = "<group>"; };
		225C6D1219D2FBE8009ED695 /* entryfilter.hh */ = {isa = PBXFileReference; fileEncoding = 4; lastKnownFileType = sourcecode.cpp.h; path = entryfilter.hh; sourceTree = "<group>"; };
		225C6D1319D2FBE8009ED695 /* etchosts.cc */ = {isa = PBXFileReference; fileEncoding = 4; lastKnownFileType = sourcecode.cpp.cpp; path = etchosts.cc; sourceTree = "<group>"; };
		225C6D1419D2FBE8009ED695 /* etchosts.hh */ = {isa = PBXFileReference; fileEncoding = 4; lastKnownFileType = sourcecode.cpp.h; path = etchosts.hh; sourceTree = "<group>"; };
		225C6D1519D2FBE8009ED695 /* event.cc */ = {isa = PBXFileReference; fileEncoding = 4; lastKnownFileType = sourcecode.cpp.cpp; path = event.cc; sourceTree = "<group>"; };
		225C6D1619D2FBE8009ED695 /* event.hh */ = {isa = PBXFileReference; fileEncoding = 4; lastKnownFileType = sourcecode.cpp.h; path = event.hh; sourceTree = "<group>"; };
		225C6D1819D2FBE8009ED695 /* eventlogs.cc */ = {isa = PBXFileReference; fileEncoding = 4; lastKnownFileType = sourcecode.cpp.cpp; path = eventlogs.cc; sourceTree = "<group>"; };
		225C6D1919D2FBE8009ED695 /* eventlogs.hh */ = {isa = PBXFileReference; fileEncoding = 4; lastKnownFileType = sourcecode.cpp.h; path = eventlogs.hh; sourceTree = "<group>"; };
		225C6D1A19D2FBE8009ED695 /* expressionparser.cc */ = {isa = PBXFileReference; fileEncoding = 4; lastKnownFileType = sourcecode.cpp.cpp; path = expressionparser.cc; sourceTree = "<group>"; };
		225C6D1B19D2FBE8009ED695 /* expressionparser.hh */ = {isa = PBXFileReference; fileEncoding = 4; lastKnownFileType = sourcecode.cpp.h; path = expressionparser.hh; sourceTree = "<group>"; };
		225C6D1C19D2FBE8009ED695 /* flexisip-exception.cc */ = {isa = PBXFileReference; fileEncoding = 4; lastKnownFileType = sourcecode.cpp.cpp; path = "flexisip-exception.cc"; sourceTree = "<group>"; };
		225C6D1D19D2FBE8009ED695 /* flexisip-exception.hh */ = {isa = PBXFileReference; fileEncoding = 4; lastKnownFileType = sourcecode.cpp.h; path = "flexisip-exception.hh"; sourceTree = "<group>"; };
		225C6D1E19D2FBE8009ED695 /* flexisip.conf.sample */ = {isa = PBXFileReference; fileEncoding = 4; lastKnownFileType = text; path = flexisip.conf.sample; sourceTree = "<group>"; };
		225C6D1F19D2FBE8009ED695 /* flexisip_gitversion.h */ = {isa = PBXFileReference; fileEncoding = 4; lastKnownFileType = sourcecode.c.h; path = flexisip_gitversion.h; sourceTree = "<group>"; };
		225C6D2019D2FBE8009ED695 /* forkbasiccontext.cc */ = {isa = PBXFileReference; fileEncoding = 4; lastKnownFileType = sourcecode.cpp.cpp; path = forkbasiccontext.cc; sourceTree = "<group>"; };
		225C6D2119D2FBE8009ED695 /* forkbasiccontext.hh */ = {isa = PBXFileReference; fileEncoding = 4; lastKnownFileType = sourcecode.cpp.h; path = forkbasiccontext.hh; sourceTree = "<group>"; };
		225C6D2219D2FBE8009ED695 /* forkcallcontext.cc */ = {isa = PBXFileReference; fileEncoding = 4; lastKnownFileType = sourcecode.cpp.cpp; path = forkcallcontext.cc; sourceTree = "<group>"; };
		225C6D2319D2FBE8009ED695 /* forkcallcontext.hh */ = {isa = PBXFileReference; fileEncoding = 4; lastKnownFileType = sourcecode.cpp.h; path = forkcallcontext.hh; sourceTree = "<group>"; };
		225C6D2419D2FBE8009ED695 /* forkcontext.cc */ = {isa = PBXFileReference; fileEncoding = 4; lastKnownFileType = sourcecode.cpp.cpp; path = forkcontext.cc; sourceTree = "<group>"; };
		225C6D2519D2FBE8009ED695 /* forkcontext.hh */ = {isa = PBXFileReference; fileEncoding = 4; lastKnownFileType = sourcecode.cpp.h; path = forkcontext.hh; sourceTree = "<group>"; };
		225C6D2619D2FBE8009ED695 /* forkmessagecontext.cc */ = {isa = PBXFileReference; fileEncoding = 4; lastKnownFileType = sourcecode.cpp.cpp; path = forkmessagecontext.cc; sourceTree = "<group>"; };
		225C6D2719D2FBE8009ED695 /* forkmessagecontext.hh */ = {isa = PBXFileReference; fileEncoding = 4; lastKnownFileType = sourcecode.cpp.h; path = forkmessagecontext.hh; sourceTree = "<group>"; };
		225C6D2819D2FBE8009ED695 /* h264iframefilter.cc */ = {isa = PBXFileReference; fileEncoding = 4; lastKnownFileType = sourcecode.cpp.cpp; path = h264iframefilter.cc; sourceTree = "<group>"; };
		225C6D2919D2FBE8009ED695 /* h264iframefilter.hh */ = {isa = PBXFileReference; fileEncoding = 4; lastKnownFileType = sourcecode.cpp.h; path = h264iframefilter.hh; sourceTree = "<group>"; };
		225C6D2A19D2FBE8009ED695 /* lateforkapplier.hh */ = {isa = PBXFileReference; fileEncoding = 4; lastKnownFileType = sourcecode.cpp.h; path = lateforkapplier.hh; sourceTree = "<group>"; };
		225C6D2C19D2FBE8009ED695 /* logmanager.cc */ = {isa = PBXFileReference; fileEncoding = 4; lastKnownFileType = sourcecode.cpp.cpp; path = logmanager.cc; sourceTree = "<group>"; };
		225C6D2D19D2FBE8009ED695 /* logmanager.hh */ = {isa = PBXFileReference; fileEncoding = 4; lastKnownFileType = sourcecode.cpp.h; path = logmanager.hh; sourceTree = "<group>"; };
		225C6D2E19D2FBE8009ED695 /* workaround.cc */ = {isa = PBXFileReference; fileEncoding = 4; lastKnownFileType = sourcecode.cpp.cpp; path = workaround.cc; sourceTree = "<group>"; };
		225C6D2F19D2FBE8009ED695 /* lpconfig.cc */ = {isa = PBXFileReference; fileEncoding = 4; lastKnownFileType = sourcecode.cpp.cpp; path = lpconfig.cc; sourceTree = "<group>"; };
		225C6D3019D2FBE8009ED695 /* lpconfig.h */ = {isa = PBXFileReference; fileEncoding = 4; lastKnownFileType = sourcecode.c.h; path = lpconfig.h; sourceTree = "<group>"; };
		225C6D3119D2FBE8009ED695 /* main.cc */ = {isa = PBXFileReference; fileEncoding = 4; lastKnownFileType = sourcecode.cpp.cpp; path = main.cc; sourceTree = "<group>"; };
		225C6D3219D2FBE8009ED695 /* mediarelay.cc */ = {isa = PBXFileReference; fileEncoding = 4; lastKnownFileType = sourcecode.cpp.cpp; path = mediarelay.cc; sourceTree = "<group>"; };
		225C6D3319D2FBE8009ED695 /* mediarelay.hh */ = {isa = PBXFileReference; fileEncoding = 4; lastKnownFileType = sourcecode.cpp.h; path = mediarelay.hh; sourceTree = "<group>"; };
		225C6D3919D2FBE8009ED695 /* .mib2c-updaterc */ = {isa = PBXFileReference; fileEncoding = 4; lastKnownFileType = text; path = ".mib2c-updaterc"; sourceTree = "<group>"; };
		225C6D3B19D2FBE8009ED695 /* flexisipMIB.c */ = {isa = PBXFileReference; fileEncoding = 4; lastKnownFileType = sourcecode.c.c; path = flexisipMIB.c; sourceTree = "<group>"; };
		225C6D3C19D2FBE8009ED695 /* flexisipMIB.h */ = {isa = PBXFileReference; fileEncoding = 4; lastKnownFileType = sourcecode.c.h; path = flexisipMIB.h; sourceTree = "<group>"; };
		225C6D3F19D2FBE8009ED695 /* FLEXISIP-MIB.txt */ = {isa = PBXFileReference; fileEncoding = 4; lastKnownFileType = text; path = "FLEXISIP-MIB.txt"; sourceTree = "<group>"; };
		225C6D4019D2FBE8009ED695 /* flexisipMIB.c */ = {isa = PBXFileReference; fileEncoding = 4; lastKnownFileType = sourcecode.c.c; path = flexisipMIB.c; sourceTree = "<group>"; };
		225C6D4119D2FBE8009ED695 /* flexisipMIB.h */ = {isa = PBXFileReference; fileEncoding = 4; lastKnownFileType = sourcecode.c.h; path = flexisipMIB.h; sourceTree = "<group>"; };
		225C6D4219D2FBE8009ED695 /* flexisipMIB.ori */ = {isa = PBXFileReference; fileEncoding = 4; lastKnownFileType = text; path = flexisipMIB.ori; sourceTree = "<group>"; };
		225C6D4319D2FBE8009ED695 /* mib2c.flexisip.conf */ = {isa = PBXFileReference; fileEncoding = 4; lastKnownFileType = text; path = mib2c.flexisip.conf; sourceTree = "<group>"; };
		225C6D4419D2FBE8009ED695 /* module-auth.cc */ = {isa = PBXFileReference; fileEncoding = 4; lastKnownFileType = sourcecode.cpp.cpp; path = "module-auth.cc"; sourceTree = "<group>"; };
		225C6D4519D2FBE8009ED695 /* module-contact-route-inserter.cc */ = {isa = PBXFileReference; fileEncoding = 4; lastKnownFileType = sourcecode.cpp.cpp; path = "module-contact-route-inserter.cc"; sourceTree = "<group>"; };
		225C6D4619D2FBE8009ED695 /* module-datehandler.cc */ = {isa = PBXFileReference; fileEncoding = 4; lastKnownFileType = sourcecode.cpp.cpp; path = "module-datehandler.cc"; sourceTree = "<group>"; };
		225C6D4719D2FBE8009ED695 /* module-forward.cc */ = {isa = PBXFileReference; fileEncoding = 4; lastKnownFileType = sourcecode.cpp.cpp; path = "module-forward.cc"; sourceTree = "<group>"; };
		225C6D4819D2FBE8009ED695 /* module-garbage-in.cc */ = {isa = PBXFileReference; fileEncoding = 4; lastKnownFileType = sourcecode.cpp.cpp; path = "module-garbage-in.cc"; sourceTree = "<group>"; };
		225C6D4919D2FBE8009ED695 /* module-gatewayadapter.cc */ = {isa = PBXFileReference; fileEncoding = 4; lastKnownFileType = sourcecode.cpp.cpp; path = "module-gatewayadapter.cc"; sourceTree = "<group>"; };
		225C6D4A19D2FBE8009ED695 /* module-loadbalancer.cc */ = {isa = PBXFileReference; fileEncoding = 4; lastKnownFileType = sourcecode.cpp.cpp; path = "module-loadbalancer.cc"; sourceTree = "<group>"; };
		225C6D4B19D2FBE8009ED695 /* module-mediarelay.cc */ = {isa = PBXFileReference; fileEncoding = 4; lastKnownFileType = sourcecode.cpp.cpp; path = "module-mediarelay.cc"; sourceTree = "<group>"; };
		225C6D4C19D2FBE8009ED695 /* module-nat-helper.cc */ = {isa = PBXFileReference; fileEncoding = 4; lastKnownFileType = sourcecode.cpp.cpp; path = "module-nat-helper.cc"; sourceTree = "<group>"; };
		225C6D4D19D2FBE8009ED695 /* module-presence.cc */ = {isa = PBXFileReference; fileEncoding = 4; lastKnownFileType = sourcecode.cpp.cpp; path = "module-presence.cc"; sourceTree = "<group>"; };
		225C6D4E19D2FBE8009ED695 /* module-pushnotification.cc */ = {isa = PBXFileReference; fileEncoding = 4; lastKnownFileType = sourcecode.cpp.cpp; path = "module-pushnotification.cc"; sourceTree = "<group>"; };
		225C6D4F19D2FBE8009ED695 /* module-registrar.cc */ = {isa = PBXFileReference; fileEncoding = 4; lastKnownFileType = sourcecode.cpp.cpp; path = "module-registrar.cc"; sourceTree = "<group>"; };
		225C6D5019D2FBE8009ED695 /* module-registrar.hh */ = {isa = PBXFileReference; fileEncoding = 4; lastKnownFileType = sourcecode.cpp.h; path = "module-registrar.hh"; sourceTree = "<group>"; };
		225C6D5119D2FBE8009ED695 /* module-router.cc */ = {isa = PBXFileReference; fileEncoding = 4; lastKnownFileType = sourcecode.cpp.cpp; path = "module-router.cc"; sourceTree = "<group>"; };
		225C6D5219D2FBE8009ED695 /* module-sanitychecker.cc */ = {isa = PBXFileReference; fileEncoding = 4; lastKnownFileType = sourcecode.cpp.cpp; path = "module-sanitychecker.cc"; sourceTree = "<group>"; };
		225C6D5319D2FBE8009ED695 /* module-transcode.cc */ = {isa = PBXFileReference; fileEncoding = 4; lastKnownFileType = sourcecode.cpp.cpp; path = "module-transcode.cc"; sourceTree = "<group>"; };
		225C6D5419D2FBE8009ED695 /* module.cc */ = {isa = PBXFileReference; fileEncoding = 4; lastKnownFileType = sourcecode.cpp.cpp; path = module.cc; sourceTree = "<group>"; };
		225C6D5519D2FBE8009ED695 /* module.hh */ = {isa = PBXFileReference; fileEncoding = 4; lastKnownFileType = sourcecode.cpp.h; path = module.hh; sourceTree = "<group>"; };
		225C6D5719D2FBE8009ED695 /* .dirstamp */ = {isa = PBXFileReference; fileEncoding = 4; lastKnownFileType = text; path = .dirstamp; sourceTree = "<group>"; };
		225C6D5819D2FBE8009ED695 /* Makefile.am */ = {isa = PBXFileReference; fileEncoding = 4; lastKnownFileType = text; path = Makefile.am; sourceTree = "<group>"; };
		225C6D5919D2FBE8009ED695 /* Makefile.in */ = {isa = PBXFileReference; fileEncoding = 4; lastKnownFileType = text; path = Makefile.in; sourceTree = "<group>"; };
		225C6D5B19D2FBE8009ED695 /* README */ = {isa = PBXFileReference; fileEncoding = 4; lastKnownFileType = text; path = README; sourceTree = "<group>"; };
		225C6D5C19D2FBE8009ED695 /* pidf+xml-pimpl.cxx */ = {isa = PBXFileReference; fileEncoding = 4; lastKnownFileType = sourcecode.cpp.cpp; path = "pidf+xml-pimpl.cxx"; sourceTree = "<group>"; };
		225C6D5D19D2FBE8009ED695 /* pidf+xml-pimpl.hxx */ = {isa = PBXFileReference; fileEncoding = 4; lastKnownFileType = sourcecode.cpp.h; path = "pidf+xml-pimpl.hxx"; sourceTree = "<group>"; };
		225C6D5E19D2FBE8009ED695 /* pidf+xml-pskel.cxx */ = {isa = PBXFileReference; fileEncoding = 4; lastKnownFileType = sourcecode.cpp.cpp; path = "pidf+xml-pskel.cxx"; sourceTree = "<group>"; };
		225C6D5F19D2FBE8009ED695 /* pidf+xml-pskel.hxx */ = {isa = PBXFileReference; fileEncoding = 4; lastKnownFileType = sourcecode.cpp.h; path = "pidf+xml-pskel.hxx"; sourceTree = "<group>"; };
		225C6D6019D2FBE8009ED695 /* pidf+xml.cxx */ = {isa = PBXFileReference; fileEncoding = 4; lastKnownFileType = sourcecode.cpp.cpp; path = "pidf+xml.cxx"; sourceTree = "<group>"; };
		225C6D6119D2FBE8009ED695 /* pidf+xml.hxx */ = {isa = PBXFileReference; fileEncoding = 4; lastKnownFileType = sourcecode.cpp.h; path = "pidf+xml.hxx"; sourceTree = "<group>"; };
		225C6D6219D2FBE8009ED695 /* pidf+xml.xsd */ = {isa = PBXFileReference; fileEncoding = 4; lastKnownFileType = text.xml; path = "pidf+xml.xsd"; sourceTree = "<group>"; };
		225C6D6319D2FBE8009ED695 /* etag-manager.hh */ = {isa = PBXFileReference; fileEncoding = 4; lastKnownFileType = sourcecode.cpp.h; path = "etag-manager.hh"; sourceTree = "<group>"; };
		225C6D6419D2FBE8009ED695 /* file-resource-list-manager.cc */ = {isa = PBXFileReference; fileEncoding = 4; lastKnownFileType = sourcecode.cpp.cpp; path = "file-resource-list-manager.cc"; sourceTree = "<group>"; };
		225C6D6519D2FBE8009ED695 /* file-resource-list-manager.h */ = {isa = PBXFileReference; fileEncoding = 4; lastKnownFileType = sourcecode.c.h; path = "file-resource-list-manager.h"; sourceTree = "<group>"; };
		225C6D6619D2FBE8009ED695 /* presence-configmanager.cc */ = {isa = PBXFileReference; fileEncoding = 4; lastKnownFileType = sourcecode.cpp.cpp; path = "presence-configmanager.cc"; sourceTree = "<group>"; };
		225C6D6719D2FBE8009ED695 /* presence-configmanager.hh */ = {isa = PBXFileReference; fileEncoding = 4; lastKnownFileType = sourcecode.cpp.h; path = "presence-configmanager.hh"; sourceTree = "<group>"; };
		225C6D6819D2FBE8009ED695 /* presence-server.cc */ = {isa = PBXFileReference; fileEncoding = 4; lastKnownFileType = sourcecode.cpp.cpp; path = "presence-server.cc"; sourceTree = "<group>"; };
		225C6D6919D2FBE8009ED695 /* presence-server.h */ = {isa = PBXFileReference; fileEncoding = 4; lastKnownFileType = sourcecode.c.h; path = "presence-server.h"; sourceTree = "<group>"; };
		225C6D6A19D2FBE8009ED695 /* presentity-manager.hh */ = {isa = PBXFileReference; fileEncoding = 4; lastKnownFileType = sourcecode.cpp.h; path = "presentity-manager.hh"; sourceTree = "<group>"; };
		225C6D6B19D2FBE8009ED695 /* presentity-presenceinformation.cc */ = {isa = PBXFileReference; fileEncoding = 4; lastKnownFileType = sourcecode.cpp.cpp; path = "presentity-presenceinformation.cc"; sourceTree = "<group>"; };
		225C6D6C19D2FBE8009ED695 /* presentity-presenceinformation.hh */ = {isa = PBXFileReference; fileEncoding = 4; lastKnownFileType = sourcecode.cpp.h; path = "presentity-presenceinformation.hh"; sourceTree = "<group>"; };
		225C6D6E19D2FBE8009ED695 /* REAME */ = {isa = PBXFileReference; fileEncoding = 4; lastKnownFileType = text; path = REAME; sourceTree = "<group>"; };
		225C6D6F19D2FBE8009ED695 /* resource-list-manager.hh */ = {isa = PBXFileReference; fileEncoding = 4; lastKnownFileType = sourcecode.cpp.h; path = "resource-list-manager.hh"; sourceTree = "<group>"; };
		225C6D7019D2FBE8009ED695 /* resource-lists-pimpl.cxx */ = {isa = PBXFileReference; fileEncoding = 4; lastKnownFileType = sourcecode.cpp.cpp; path = "resource-lists-pimpl.cxx"; sourceTree = "<group>"; };
		225C6D7119D2FBE8009ED695 /* resource-lists-pimpl.hxx */ = {isa = PBXFileReference; fileEncoding = 4; lastKnownFileType = sourcecode.cpp.h; path = "resource-lists-pimpl.hxx"; sourceTree = "<group>"; };
		225C6D7219D2FBE8009ED695 /* resource-lists-pskel.cxx */ = {isa = PBXFileReference; fileEncoding = 4; lastKnownFileType = sourcecode.cpp.cpp; path = "resource-lists-pskel.cxx"; sourceTree = "<group>"; };
		225C6D7319D2FBE8009ED695 /* resource-lists-pskel.hxx */ = {isa = PBXFileReference; fileEncoding = 4; lastKnownFileType = sourcecode.cpp.h; path = "resource-lists-pskel.hxx"; sourceTree = "<group>"; };
		225C6D7419D2FBE8009ED695 /* resource-lists.cxx */ = {isa = PBXFileReference; fileEncoding = 4; lastKnownFileType = sourcecode.cpp.cpp; path = "resource-lists.cxx"; sourceTree = "<group>"; };
		225C6D7519D2FBE8009ED695 /* resource-lists.hxx */ = {isa = PBXFileReference; fileEncoding = 4; lastKnownFileType = sourcecode.cpp.h; path = "resource-lists.hxx"; sourceTree = "<group>"; };
		225C6D7619D2FBE8009ED695 /* resource-lists.xsd */ = {isa = PBXFileReference; fileEncoding = 4; lastKnownFileType = text.xml; path = "resource-lists.xsd"; sourceTree = "<group>"; };
		225C6D7719D2FBE8009ED695 /* signaling-exception.cc */ = {isa = PBXFileReference; fileEncoding = 4; lastKnownFileType = sourcecode.cpp.cpp; path = "signaling-exception.cc"; sourceTree = "<group>"; };
		225C6D7819D2FBE8009ED695 /* signaling-exception.hh */ = {isa = PBXFileReference; fileEncoding = 4; lastKnownFileType = sourcecode.cpp.h; path = "signaling-exception.hh"; sourceTree = "<group>"; };
		225C6D7919D2FBE8009ED695 /* subscription.cc */ = {isa = PBXFileReference; fileEncoding = 4; lastKnownFileType = sourcecode.cpp.cpp; path = subscription.cc; sourceTree = "<group>"; };
		225C6D7A19D2FBE8009ED695 /* subscription.hh */ = {isa = PBXFileReference; fileEncoding = 4; lastKnownFileType = sourcecode.cpp.h; path = subscription.hh; sourceTree = "<group>"; };
		225C6D7B19D2FBE8009ED695 /* subscription~.hh */ = {isa = PBXFileReference; fileEncoding = 4; lastKnownFileType = sourcecode.cpp.h; path = "subscription~.hh"; sourceTree = "<group>"; };
		225C6D7D19D2FBE8009ED695 /* xml-pimpl.cxx */ = {isa = PBXFileReference; fileEncoding = 4; lastKnownFileType = sourcecode.cpp.cpp; path = "xml-pimpl.cxx"; sourceTree = "<group>"; };
		225C6D7E19D2FBE8009ED695 /* xml-pimpl.hxx */ = {isa = PBXFileReference; fileEncoding = 4; lastKnownFileType = sourcecode.cpp.h; path = "xml-pimpl.hxx"; sourceTree = "<group>"; };
		225C6D7F19D2FBE8009ED695 /* xml-pskel.cxx */ = {isa = PBXFileReference; fileEncoding = 4; lastKnownFileType = sourcecode.cpp.cpp; path = "xml-pskel.cxx"; sourceTree = "<group>"; };
		225C6D8019D2FBE8009ED695 /* xml-pskel.hxx */ = {isa = PBXFileReference; fileEncoding = 4; lastKnownFileType = sourcecode.cpp.h; path = "xml-pskel.hxx"; sourceTree = "<group>"; };
		225C6D8119D2FBE8009ED695 /* xml.cxx */ = {isa = PBXFileReference; fileEncoding = 4; lastKnownFileType = sourcecode.cpp.cpp; path = xml.cxx; sourceTree = "<group>"; };
		225C6D8219D2FBE8009ED695 /* xml.hxx */ = {isa = PBXFileReference; fileEncoding = 4; lastKnownFileType = sourcecode.cpp.h; path = xml.hxx; sourceTree = "<group>"; };
		225C6D8319D2FBE8009ED695 /* xml.xsd */ = {isa = PBXFileReference; fileEncoding = 4; lastKnownFileType = text.xml; path = xml.xsd; sourceTree = "<group>"; };
		225C6D8419D2FBE8009ED695 /* proxy-configmanager.cc */ = {isa = PBXFileReference; fileEncoding = 4; lastKnownFileType = sourcecode.cpp.cpp; path = "proxy-configmanager.cc"; sourceTree = "<group>"; };
		225C6D8519D2FBE8009ED695 /* proxy-configmanager.hh */ = {isa = PBXFileReference; fileEncoding = 4; lastKnownFileType = sourcecode.cpp.h; path = "proxy-configmanager.hh"; sourceTree = "<group>"; };
		225C6D8619D2FBE8009ED695 /* pusher */ = {isa = PBXFileReference; lastKnownFileType = "compiled.mach-o.executable"; path = pusher; sourceTree = "<group>"; };
		225C6D8819D2FBE8009ED695 /* pushnotification.cc */ = {isa = PBXFileReference; fileEncoding = 4; lastKnownFileType = sourcecode.cpp.cpp; path = pushnotification.cc; sourceTree = "<group>"; };
		225C6D8919D2FBE8009ED695 /* pushnotification.hh */ = {isa = PBXFileReference; fileEncoding = 4; lastKnownFileType = sourcecode.cpp.h; path = pushnotification.hh; sourceTree = "<group>"; };
		225C6D8A19D2FBE8009ED695 /* pushnotificationclient.cc */ = {isa = PBXFileReference; fileEncoding = 4; lastKnownFileType = sourcecode.cpp.cpp; path = pushnotificationclient.cc; sourceTree = "<group>"; };
		225C6D8B19D2FBE8009ED695 /* pushnotificationclient.hh */ = {isa = PBXFileReference; fileEncoding = 4; lastKnownFileType = sourcecode.cpp.h; path = pushnotificationclient.hh; sourceTree = "<group>"; };
		225C6D8C19D2FBE8009ED695 /* pushnotificationservice.cc */ = {isa = PBXFileReference; fileEncoding = 4; lastKnownFileType = sourcecode.cpp.cpp; path = pushnotificationservice.cc; sourceTree = "<group>"; };
		225C6D8D19D2FBE8009ED695 /* pushnotificationservice.hh */ = {isa = PBXFileReference; fileEncoding = 4; lastKnownFileType = sourcecode.cpp.h; path = pushnotificationservice.hh; sourceTree = "<group>"; };
		225C6D8E19D2FBE8009ED695 /* recordserializer-c.cc */ = {isa = PBXFileReference; fileEncoding = 4; lastKnownFileType = sourcecode.cpp.cpp; path = "recordserializer-c.cc"; sourceTree = "<group>"; };
		225C6D8F19D2FBE8009ED695 /* recordserializer-json.cc */ = {isa = PBXFileReference; fileEncoding = 4; lastKnownFileType = sourcecode.cpp.cpp; path = "recordserializer-json.cc"; sourceTree = "<group>"; };
		225C6D9019D2FBE8009ED695 /* recordserializer-protobuf.cc */ = {isa = PBXFileReference; fileEncoding = 4; lastKnownFileType = sourcecode.cpp.cpp; path = "recordserializer-protobuf.cc"; sourceTree = "<group>"; };
		225C6D9119D2FBE8009ED695 /* recordserializer-protobuf.proto */ = {isa = PBXFileReference; fileEncoding = 4; lastKnownFileType = text; path = "recordserializer-protobuf.proto"; sourceTree = "<group>"; };
		225C6D9219D2FBE8009ED695 /* recordserializer.hh */ = {isa = PBXFileReference; fileEncoding = 4; lastKnownFileType = sourcecode.cpp.h; path = recordserializer.hh; sourceTree = "<group>"; };
		225C6D9319D2FBE8009ED695 /* registrardb-internal.cc */ = {isa = PBXFileReference; fileEncoding = 4; lastKnownFileType = sourcecode.cpp.cpp; path = "registrardb-internal.cc"; sourceTree = "<group>"; };
		225C6D9419D2FBE8009ED695 /* registrardb-internal.hh */ = {isa = PBXFileReference; fileEncoding = 4; lastKnownFileType = sourcecode.cpp.h; path = "registrardb-internal.hh"; sourceTree = "<group>"; };
		225C6D9519D2FBE8009ED695 /* registrardb-redis-async.cc */ = {isa = PBXFileReference; fileEncoding = 4; lastKnownFileType = sourcecode.cpp.cpp; path = "registrardb-redis-async.cc"; sourceTree = "<group>"; };
		225C6D9619D2FBE8009ED695 /* registrardb-redis-sofia-event.h */ = {isa = PBXFileReference; fileEncoding = 4; lastKnownFileType = sourcecode.c.h; path = "registrardb-redis-sofia-event.h"; sourceTree = "<group>"; };
		225C6D9719D2FBE8009ED695 /* registrardb-redis-sync.cc */ = {isa = PBXFileReference; fileEncoding = 4; lastKnownFileType = sourcecode.cpp.cpp; path = "registrardb-redis-sync.cc"; sourceTree = "<group>"; };
		225C6D9819D2FBE8009ED695 /* registrardb-redis.hh */ = {isa = PBXFileReference; fileEncoding = 4; lastKnownFileType = sourcecode.cpp.h; path = "registrardb-redis.hh"; sourceTree = "<group>"; };
		225C6D9919D2FBE8009ED695 /* registrardb.cc */ = {isa = PBXFileReference; fileEncoding = 4; lastKnownFileType = sourcecode.cpp.cpp; path = registrardb.cc; sourceTree = "<group>"; };
		225C6D9A19D2FBE8009ED695 /* registrardb.hh */ = {isa = PBXFileReference; fileEncoding = 4; lastKnownFileType = sourcecode.cpp.h; path = registrardb.hh; sourceTree = "<group>"; };
		225C6D9B19D2FBE8009ED695 /* sdp-modifier.cc */ = {isa = PBXFileReference; fileEncoding = 4; lastKnownFileType = sourcecode.cpp.cpp; path = "sdp-modifier.cc"; sourceTree = "<group>"; };
		225C6D9C19D2FBE8009ED695 /* sdp-modifier.hh */ = {isa = PBXFileReference; fileEncoding = 4; lastKnownFileType = sourcecode.cpp.h; path = "sdp-modifier.hh"; sourceTree = "<group>"; };
		225C6D9D19D2FBE8009ED695 /* sipattrextractor.cc */ = {isa = PBXFileReference; fileEncoding = 4; lastKnownFileType = sourcecode.cpp.cpp; path = sipattrextractor.cc; sourceTree = "<group>"; };
		225C6D9E19D2FBE8009ED695 /* sipattrextractor.hh */ = {isa = PBXFileReference; fileEncoding = 4; lastKnownFileType = sourcecode.cpp.h; path = sipattrextractor.hh; sourceTree = "<group>"; };
		225C6D9F19D2FBE8009ED695 /* snmp-agent.cc */ = {isa = PBXFileReference; fileEncoding = 4; lastKnownFileType = sourcecode.cpp.cpp; path = "snmp-agent.cc"; sourceTree = "<group>"; };
		225C6DA019D2FBE8009ED695 /* snmp-agent.h */ = {isa = PBXFileReference; fileEncoding = 4; lastKnownFileType = sourcecode.c.h; path = "snmp-agent.h"; sourceTree = "<group>"; };
		225C6DA119D2FBE8009ED695 /* stun.cc */ = {isa = PBXFileReference; fileEncoding = 4; lastKnownFileType = sourcecode.cpp.cpp; path = stun.cc; sourceTree = "<group>"; };
		225C6DA219D2FBE8009ED695 /* stun.hh */ = {isa = PBXFileReference; fileEncoding = 4; lastKnownFileType = sourcecode.cpp.h; path = stun.hh; sourceTree = "<group>"; };
		225C6DA319D2FBE8009ED695 /* telephone-event-filter.cc */ = {isa = PBXFileReference; fileEncoding = 4; lastKnownFileType = sourcecode.cpp.cpp; path = "telephone-event-filter.cc"; sourceTree = "<group>"; };
		225C6DA419D2FBE8009ED695 /* telephone-event-filter.hh */ = {isa = PBXFileReference; fileEncoding = 4; lastKnownFileType = sourcecode.cpp.h; path = "telephone-event-filter.hh"; sourceTree = "<group>"; };
		225C6DA619D2FBE8009ED695 /* Makefile.am */ = {isa = PBXFileReference; fileEncoding = 4; lastKnownFileType = text; path = Makefile.am; sourceTree = "<group>"; };
		225C6DA719D2FBE8009ED695 /* Makefile.in */ = {isa = PBXFileReference; fileEncoding = 4; lastKnownFileType = text; path = Makefile.in; sourceTree = "<group>"; };
		225C6DA819D2FBE8009ED695 /* expr.cc */ = {isa = PBXFileReference; fileEncoding = 4; lastKnownFileType = sourcecode.cpp.cpp; path = expr.cc; sourceTree = "<group>"; };
		225C6DA919D2FBE8009ED695 /* test_utils.hh */ = {isa = PBXFileReference; fileEncoding = 4; lastKnownFileType = sourcecode.cpp.h; path = test_utils.hh; sourceTree = "<group>"; };
		225C6DAB19D2FBE8009ED695 /* binder.cc */ = {isa = PBXFileReference; fileEncoding = 4; lastKnownFileType = sourcecode.cpp.cpp; path = binder.cc; sourceTree = "<group>"; };
		225C6DAC19D2FBE8009ED695 /* ctdumper.cc */ = {isa = PBXFileReference; fileEncoding = 4; lastKnownFileType = sourcecode.cpp.cpp; path = ctdumper.cc; sourceTree = "<group>"; };
		225C6DAD19D2FBE8009ED695 /* pusher.cc */ = {isa = PBXFileReference; fileEncoding = 4; lastKnownFileType = sourcecode.cpp.cpp; path = pusher.cc; sourceTree = "<group>"; };
		225C6DAE19D2FBE8009ED695 /* serializer.cc */ = {isa = PBXFileReference; fileEncoding = 4; lastKnownFileType = sourcecode.cpp.cpp; path = serializer.cc; sourceTree = "<group>"; };
		225C6DAF19D2FBE8009ED695 /* transaction.cc */ = {isa = PBXFileReference; fileEncoding = 4; lastKnownFileType = sourcecode.cpp.cpp; path = transaction.cc; sourceTree = "<group>"; };
		225C6DB019D2FBE8009ED695 /* transaction.hh */ = {isa = PBXFileReference; fileEncoding = 4; lastKnownFileType = sourcecode.cpp.h; path = transaction.hh; sourceTree = "<group>"; };
		225C6DB119D2FBE8009ED695 /* uac-register.cc */ = {isa = PBXFileReference; fileEncoding = 4; lastKnownFileType = sourcecode.cpp.cpp; path = "uac-register.cc"; sourceTree = "<group>"; };
		225C6DB219D2FBE9009ED695 /* uac-register.hh */ = {isa = PBXFileReference; fileEncoding = 4; lastKnownFileType = sourcecode.cpp.h; path = "uac-register.hh"; sourceTree = "<group>"; };
/* End PBXFileReference section */

/* Begin PBXFrameworksBuildPhase section */
		225C6CE519D2FBD6009ED695 /* Frameworks */ = {
			isa = PBXFrameworksBuildPhase;
			buildActionMask = 2147483647;
			files = (
			);
			runOnlyForDeploymentPostprocessing = 0;
		};
/* End PBXFrameworksBuildPhase section */

/* Begin PBXGroup section */
		225C6CDF19D2FBD6009ED695 = {
			isa = PBXGroup;
			children = (
				225C6CF819D2FBE8009ED695 /* src */,
				225C6CEA19D2FBD6009ED695 /* dummy */,
				225C6CE919D2FBD6009ED695 /* Products */,
			);
			sourceTree = "<group>";
		};
		225C6CE919D2FBD6009ED695 /* Products */ = {
			isa = PBXGroup;
			children = (
				225C6CE819D2FBD6009ED695 /* dummy */,
			);
			name = Products;
			sourceTree = "<group>";
		};
		225C6CEA19D2FBD6009ED695 /* dummy */ = {
			isa = PBXGroup;
			children = (
				225C6CEB19D2FBD6009ED695 /* main.cpp */,
			);
			path = dummy;
			sourceTree = "<group>";
		};
		225C6CF819D2FBE8009ED695 /* src */ = {
			isa = PBXGroup;
			children = (
				225C6CF919D2FBE8009ED695 /* Makefile.am */,
				225C6CFA19D2FBE8009ED695 /* Makefile.in */,
				225C6CFB19D2FBE8009ED695 /* agent.cc */,
				225C6CFC19D2FBE8009ED695 /* agent.hh */,
				225C6CFD19D2FBE8009ED695 /* authdb-file.cc */,
				225C6CFE19D2FBE8009ED695 /* authdb-odbc.cc */,
				225C6CFF19D2FBE8009ED695 /* authdb.cc */,
				225C6D0019D2FBE8009ED695 /* authdb.hh */,
				225C6D0119D2FBE8009ED695 /* cJSON.c */,
				225C6D0219D2FBE8009ED695 /* cJSON.h */,
				225C6D0319D2FBE8009ED695 /* callcontext-mediarelay.cc */,
				225C6D0419D2FBE8009ED695 /* callcontext-mediarelay.hh */,
				225C6D0519D2FBE8009ED695 /* callcontext-transcoder.cc */,
				225C6D0619D2FBE8009ED695 /* callcontext-transcoder.hh */,
				225C6D0719D2FBE8009ED695 /* callstore.cc */,
				225C6D0819D2FBE8009ED695 /* callstore.hh */,
				225C6D0919D2FBE8009ED695 /* common.cc */,
				225C6D0A19D2FBE8009ED695 /* common.hh */,
				225C6D0B19D2FBE8009ED695 /* configmanager.cc */,
				225C6D0C19D2FBE8009ED695 /* configmanager.hh */,
				225C6D0D19D2FBE8009ED695 /* contact-masquerader.cc */,
				225C6D0E19D2FBE8009ED695 /* contact-masquerader.hh */,
				225C6D0F19D2FBE8009ED695 /* dos-protection.cc */,
				225C6D1019D2FBE8009ED695 /* dos-protection.hh */,
				225C6D1119D2FBE8009ED695 /* entryfilter.cc */,
				225C6D1219D2FBE8009ED695 /* entryfilter.hh */,
				225C6D1319D2FBE8009ED695 /* etchosts.cc */,
				225C6D1419D2FBE8009ED695 /* etchosts.hh */,
				225C6D1519D2FBE8009ED695 /* event.cc */,
				225C6D1619D2FBE8009ED695 /* event.hh */,
				225C6D1719D2FBE8009ED695 /* eventlogs */,
				225C6D1A19D2FBE8009ED695 /* expressionparser.cc */,
				225C6D1B19D2FBE8009ED695 /* expressionparser.hh */,
				225C6D1C19D2FBE8009ED695 /* flexisip-exception.cc */,
				225C6D1D19D2FBE8009ED695 /* flexisip-exception.hh */,
				225C6D1E19D2FBE8009ED695 /* flexisip.conf.sample */,
				225C6D1F19D2FBE8009ED695 /* flexisip_gitversion.h */,
				225C6D2019D2FBE8009ED695 /* forkbasiccontext.cc */,
				225C6D2119D2FBE8009ED695 /* forkbasiccontext.hh */,
				225C6D2219D2FBE8009ED695 /* forkcallcontext.cc */,
				225C6D2319D2FBE8009ED695 /* forkcallcontext.hh */,
				225C6D2419D2FBE8009ED695 /* forkcontext.cc */,
				225C6D2519D2FBE8009ED695 /* forkcontext.hh */,
				225C6D2619D2FBE8009ED695 /* forkmessagecontext.cc */,
				225C6D2719D2FBE8009ED695 /* forkmessagecontext.hh */,
				225C6D2819D2FBE8009ED695 /* h264iframefilter.cc */,
				225C6D2919D2FBE8009ED695 /* h264iframefilter.hh */,
				225C6D2A19D2FBE8009ED695 /* lateforkapplier.hh */,
				225C6D2B19D2FBE8009ED695 /* log */,
				225C6D2F19D2FBE8009ED695 /* lpconfig.cc */,
				225C6D3019D2FBE8009ED695 /* lpconfig.h */,
				225C6D3119D2FBE8009ED695 /* main.cc */,
				225C6D3219D2FBE8009ED695 /* mediarelay.cc */,
				225C6D3319D2FBE8009ED695 /* mediarelay.hh */,
				225C6D3419D2FBE8009ED695 /* mib */,
				225C6D4419D2FBE8009ED695 /* module-auth.cc */,
				225C6D4519D2FBE8009ED695 /* module-contact-route-inserter.cc */,
				225C6D4619D2FBE8009ED695 /* module-datehandler.cc */,
				225C6D4719D2FBE8009ED695 /* module-forward.cc */,
				225C6D4819D2FBE8009ED695 /* module-garbage-in.cc */,
				225C6D4919D2FBE8009ED695 /* module-gatewayadapter.cc */,
				225C6D4A19D2FBE8009ED695 /* module-loadbalancer.cc */,
				225C6D4B19D2FBE8009ED695 /* module-mediarelay.cc */,
				225C6D4C19D2FBE8009ED695 /* module-nat-helper.cc */,
				225C6D4D19D2FBE8009ED695 /* module-presence.cc */,
				225C6D4E19D2FBE8009ED695 /* module-pushnotification.cc */,
				225C6D4F19D2FBE8009ED695 /* module-registrar.cc */,
				225C6D5019D2FBE8009ED695 /* module-registrar.hh */,
				225C6D5119D2FBE8009ED695 /* module-router.cc */,
				225C6D5219D2FBE8009ED695 /* module-sanitychecker.cc */,
				225C6D5319D2FBE8009ED695 /* module-transcode.cc */,
				225C6D5419D2FBE8009ED695 /* module.cc */,
				225C6D5519D2FBE8009ED695 /* module.hh */,
				225C6D5619D2FBE8009ED695 /* presence */,
				225C6D8419D2FBE8009ED695 /* proxy-configmanager.cc */,
				225C6D8519D2FBE8009ED695 /* proxy-configmanager.hh */,
				225C6D8619D2FBE8009ED695 /* pusher */,
				225C6D8719D2FBE8009ED695 /* pushnotification */,
				225C6D8E19D2FBE8009ED695 /* recordserializer-c.cc */,
				225C6D8F19D2FBE8009ED695 /* recordserializer-json.cc */,
				225C6D9019D2FBE8009ED695 /* recordserializer-protobuf.cc */,
				225C6D9119D2FBE8009ED695 /* recordserializer-protobuf.proto */,
				225C6D9219D2FBE8009ED695 /* recordserializer.hh */,
				225C6D9319D2FBE8009ED695 /* registrardb-internal.cc */,
				225C6D9419D2FBE8009ED695 /* registrardb-internal.hh */,
				225C6D9519D2FBE8009ED695 /* registrardb-redis-async.cc */,
				225C6D9619D2FBE8009ED695 /* registrardb-redis-sofia-event.h */,
				225C6D9719D2FBE8009ED695 /* registrardb-redis-sync.cc */,
				225C6D9819D2FBE8009ED695 /* registrardb-redis.hh */,
				225C6D9919D2FBE8009ED695 /* registrardb.cc */,
				225C6D9A19D2FBE8009ED695 /* registrardb.hh */,
				225C6D9B19D2FBE8009ED695 /* sdp-modifier.cc */,
				225C6D9C19D2FBE8009ED695 /* sdp-modifier.hh */,
				225C6D9D19D2FBE8009ED695 /* sipattrextractor.cc */,
				225C6D9E19D2FBE8009ED695 /* sipattrextractor.hh */,
				225C6D9F19D2FBE8009ED695 /* snmp-agent.cc */,
				225C6DA019D2FBE8009ED695 /* snmp-agent.h */,
				225C6DA119D2FBE8009ED695 /* stun.cc */,
				225C6DA219D2FBE8009ED695 /* stun.hh */,
				225C6DA319D2FBE8009ED695 /* telephone-event-filter.cc */,
				225C6DA419D2FBE8009ED695 /* telephone-event-filter.hh */,
				225C6DA519D2FBE8009ED695 /* test */,
				225C6DAA19D2FBE8009ED695 /* tool */,
				225C6DAF19D2FBE8009ED695 /* transaction.cc */,
				225C6DB019D2FBE8009ED695 /* transaction.hh */,
				225C6DB119D2FBE8009ED695 /* uac-register.cc */,
				225C6DB219D2FBE9009ED695 /* uac-register.hh */,
			);
			name = src;
			path = ../../src;
			sourceTree = "<group>";
		};
		225C6D1719D2FBE8009ED695 /* eventlogs */ = {
			isa = PBXGroup;
			children = (
				225C6D1819D2FBE8009ED695 /* eventlogs.cc */,
				225C6D1919D2FBE8009ED695 /* eventlogs.hh */,
			);
			path = eventlogs;
			sourceTree = "<group>";
		};
		225C6D2B19D2FBE8009ED695 /* log */ = {
			isa = PBXGroup;
			children = (
				225C6D2C19D2FBE8009ED695 /* logmanager.cc */,
				225C6D2D19D2FBE8009ED695 /* logmanager.hh */,
				225C6D2E19D2FBE8009ED695 /* workaround.cc */,
			);
			path = log;
			sourceTree = "<group>";
		};
		225C6D3419D2FBE8009ED695 /* mib */ = {
			isa = PBXGroup;
			children = (
				225C6D3519D2FBE8009ED695 /* .backup */,
				225C6D3819D2FBE8009ED695 /* .merged */,
				225C6D3919D2FBE8009ED695 /* .mib2c-updaterc */,
				225C6D3A19D2FBE8009ED695 /* .new */,
				225C6D3D19D2FBE8009ED695 /* .orig */,
				225C6D3E19D2FBE8009ED695 /* .patch */,
				225C6D3F19D2FBE8009ED695 /* FLEXISIP-MIB.txt */,
				225C6D4019D2FBE8009ED695 /* flexisipMIB.c */,
				225C6D4119D2FBE8009ED695 /* flexisipMIB.h */,
				225C6D4219D2FBE8009ED695 /* flexisipMIB.ori */,
				225C6D4319D2FBE8009ED695 /* mib2c.flexisip.conf */,
			);
			path = mib;
			sourceTree = "<group>";
		};
		225C6D3519D2FBE8009ED695 /* .backup */ = {
			isa = PBXGroup;
			children = (
				225C6D3619D2FBE8009ED695 /* curr */,
				225C6D3719D2FBE8009ED695 /* orig */,
			);
			path = .backup;
			sourceTree = "<group>";
		};
		225C6D3619D2FBE8009ED695 /* curr */ = {
			isa = PBXGroup;
			children = (
			);
			path = curr;
			sourceTree = "<group>";
		};
		225C6D3719D2FBE8009ED695 /* orig */ = {
			isa = PBXGroup;
			children = (
			);
			path = orig;
			sourceTree = "<group>";
		};
		225C6D3819D2FBE8009ED695 /* .merged */ = {
			isa = PBXGroup;
			children = (
			);
			path = .merged;
			sourceTree = "<group>";
		};
		225C6D3A19D2FBE8009ED695 /* .new */ = {
			isa = PBXGroup;
			children = (
				225C6D3B19D2FBE8009ED695 /* flexisipMIB.c */,
				225C6D3C19D2FBE8009ED695 /* flexisipMIB.h */,
			);
			path = .new;
			sourceTree = "<group>";
		};
		225C6D3D19D2FBE8009ED695 /* .orig */ = {
			isa = PBXGroup;
			children = (
			);
			path = .orig;
			sourceTree = "<group>";
		};
		225C6D3E19D2FBE8009ED695 /* .patch */ = {
			isa = PBXGroup;
			children = (
			);
			path = .patch;
			sourceTree = "<group>";
		};
		225C6D5619D2FBE8009ED695 /* presence */ = {
			isa = PBXGroup;
			children = (
				225C6D5719D2FBE8009ED695 /* .dirstamp */,
				225C6D5819D2FBE8009ED695 /* Makefile.am */,
				225C6D5919D2FBE8009ED695 /* Makefile.in */,
				225C6D5A19D2FBE8009ED695 /* application_pidf+xml */,
				225C6D6319D2FBE8009ED695 /* etag-manager.hh */,
				225C6D6419D2FBE8009ED695 /* file-resource-list-manager.cc */,
				225C6D6519D2FBE8009ED695 /* file-resource-list-manager.h */,
				225C6D6619D2FBE8009ED695 /* presence-configmanager.cc */,
				225C6D6719D2FBE8009ED695 /* presence-configmanager.hh */,
				225C6D6819D2FBE8009ED695 /* presence-server.cc */,
				225C6D6919D2FBE8009ED695 /* presence-server.h */,
				225C6D6A19D2FBE8009ED695 /* presentity-manager.hh */,
				225C6D6B19D2FBE8009ED695 /* presentity-presenceinformation.cc */,
				225C6D6C19D2FBE8009ED695 /* presentity-presenceinformation.hh */,
				225C6D6D19D2FBE8009ED695 /* resource-list */,
				225C6D7719D2FBE8009ED695 /* signaling-exception.cc */,
				225C6D7819D2FBE8009ED695 /* signaling-exception.hh */,
				225C6D7919D2FBE8009ED695 /* subscription.cc */,
				225C6D7A19D2FBE8009ED695 /* subscription.hh */,
				225C6D7B19D2FBE8009ED695 /* subscription~.hh */,
				225C6D7C19D2FBE8009ED695 /* xml */,
			);
			path = presence;
			sourceTree = "<group>";
		};
		225C6D5A19D2FBE8009ED695 /* application_pidf+xml */ = {
			isa = PBXGroup;
			children = (
				225C6D5B19D2FBE8009ED695 /* README */,
				225C6D5C19D2FBE8009ED695 /* pidf+xml-pimpl.cxx */,
				225C6D5D19D2FBE8009ED695 /* pidf+xml-pimpl.hxx */,
				225C6D5E19D2FBE8009ED695 /* pidf+xml-pskel.cxx */,
				225C6D5F19D2FBE8009ED695 /* pidf+xml-pskel.hxx */,
				225C6D6019D2FBE8009ED695 /* pidf+xml.cxx */,
				225C6D6119D2FBE8009ED695 /* pidf+xml.hxx */,
				225C6D6219D2FBE8009ED695 /* pidf+xml.xsd */,
			);
			path = "application_pidf+xml";
			sourceTree = "<group>";
		};
		225C6D6D19D2FBE8009ED695 /* resource-list */ = {
			isa = PBXGroup;
			children = (
				225C6D6E19D2FBE8009ED695 /* REAME */,
				225C6D6F19D2FBE8009ED695 /* resource-list-manager.hh */,
				225C6D7019D2FBE8009ED695 /* resource-lists-pimpl.cxx */,
				225C6D7119D2FBE8009ED695 /* resource-lists-pimpl.hxx */,
				225C6D7219D2FBE8009ED695 /* resource-lists-pskel.cxx */,
				225C6D7319D2FBE8009ED695 /* resource-lists-pskel.hxx */,
				225C6D7419D2FBE8009ED695 /* resource-lists.cxx */,
				225C6D7519D2FBE8009ED695 /* resource-lists.hxx */,
				225C6D7619D2FBE8009ED695 /* resource-lists.xsd */,
			);
			path = "resource-list";
			sourceTree = "<group>";
		};
		225C6D7C19D2FBE8009ED695 /* xml */ = {
			isa = PBXGroup;
			children = (
				225C6D7D19D2FBE8009ED695 /* xml-pimpl.cxx */,
				225C6D7E19D2FBE8009ED695 /* xml-pimpl.hxx */,
				225C6D7F19D2FBE8009ED695 /* xml-pskel.cxx */,
				225C6D8019D2FBE8009ED695 /* xml-pskel.hxx */,
				225C6D8119D2FBE8009ED695 /* xml.cxx */,
				225C6D8219D2FBE8009ED695 /* xml.hxx */,
				225C6D8319D2FBE8009ED695 /* xml.xsd */,
			);
			path = xml;
			sourceTree = "<group>";
		};
		225C6D8719D2FBE8009ED695 /* pushnotification */ = {
			isa = PBXGroup;
			children = (
				225C6D8819D2FBE8009ED695 /* pushnotification.cc */,
				225C6D8919D2FBE8009ED695 /* pushnotification.hh */,
				225C6D8A19D2FBE8009ED695 /* pushnotificationclient.cc */,
				225C6D8B19D2FBE8009ED695 /* pushnotificationclient.hh */,
				225C6D8C19D2FBE8009ED695 /* pushnotificationservice.cc */,
				225C6D8D19D2FBE8009ED695 /* pushnotificationservice.hh */,
			);
			path = pushnotification;
			sourceTree = "<group>";
		};
		225C6DA519D2FBE8009ED695 /* test */ = {
			isa = PBXGroup;
			children = (
				225C6DA619D2FBE8009ED695 /* Makefile.am */,
				225C6DA719D2FBE8009ED695 /* Makefile.in */,
				225C6DA819D2FBE8009ED695 /* expr.cc */,
				225C6DA919D2FBE8009ED695 /* test_utils.hh */,
			);
			path = test;
			sourceTree = "<group>";
		};
		225C6DAA19D2FBE8009ED695 /* tool */ = {
			isa = PBXGroup;
			children = (
				225C6DAB19D2FBE8009ED695 /* binder.cc */,
				225C6DAC19D2FBE8009ED695 /* ctdumper.cc */,
				225C6DAD19D2FBE8009ED695 /* pusher.cc */,
				225C6DAE19D2FBE8009ED695 /* serializer.cc */,
			);
			path = tool;
			sourceTree = "<group>";
		};
/* End PBXGroup section */

/* Begin PBXNativeTarget section */
		225C6CE719D2FBD6009ED695 /* dummy */ = {
			isa = PBXNativeTarget;
			buildConfigurationList = 225C6CEF19D2FBD6009ED695 /* Build configuration list for PBXNativeTarget "dummy" */;
			buildPhases = (
				225C6CE419D2FBD6009ED695 /* Sources */,
				225C6CE519D2FBD6009ED695 /* Frameworks */,
				225C6CE619D2FBD6009ED695 /* CopyFiles */,
			);
			buildRules = (
			);
			dependencies = (
			);
			name = dummy;
			productName = dummy;
			productReference = 225C6CE819D2FBD6009ED695 /* dummy */;
			productType = "com.apple.product-type.tool";
		};
/* End PBXNativeTarget section */

/* Begin PBXProject section */
		225C6CE019D2FBD6009ED695 /* Project object */ = {
			isa = PBXProject;
			attributes = {
				LastUpgradeCheck = 0600;
				ORGANIZATIONNAME = "Belledonne Communications";
				TargetAttributes = {
					225C6CE719D2FBD6009ED695 = {
						CreatedOnToolsVersion = 6.0.1;
					};
				};
			};
			buildConfigurationList = 225C6CE319D2FBD6009ED695 /* Build configuration list for PBXProject "dummy" */;
			compatibilityVersion = "Xcode 3.2";
			developmentRegion = English;
			hasScannedForEncodings = 0;
			knownRegions = (
				en,
			);
			mainGroup = 225C6CDF19D2FBD6009ED695;
			productRefGroup = 225C6CE919D2FBD6009ED695 /* Products */;
			projectDirPath = "";
			projectRoot = "";
			targets = (
				225C6CE719D2FBD6009ED695 /* dummy */,
			);
		};
/* End PBXProject section */

/* Begin PBXSourcesBuildPhase section */
		225C6CE419D2FBD6009ED695 /* Sources */ = {
			isa = PBXSourcesBuildPhase;
			buildActionMask = 2147483647;
			files = (
				225C6DDE19D2FBE9009ED695 /* module-sanitychecker.cc in Sources */,
				225C6DE119D2FBE9009ED695 /* pidf+xml-pimpl.cxx in Sources */,
				225C6E0619D2FBE9009ED695 /* uac-register.cc in Sources */,
				225C6DC019D2FBE9009ED695 /* etchosts.cc in Sources */,
				225C6DB919D2FBE9009ED695 /* callcontext-transcoder.cc in Sources */,
				225C6DEB19D2FBE9009ED695 /* signaling-exception.cc in Sources */,
				225C6CEC19D2FBD6009ED695 /* main.cpp in Sources */,
				225C6DE219D2FBE9009ED695 /* pidf+xml-pskel.cxx in Sources */,
				225C6DFE19D2FBE9009ED695 /* stun.cc in Sources */,
				225C6DCB19D2FBE9009ED695 /* workaround.cc in Sources */,
				225C6DDF19D2FBE9009ED695 /* module-transcode.cc in Sources */,
				225C6DDB19D2FBE9009ED695 /* module-pushnotification.cc in Sources */,
				225C6DE619D2FBE9009ED695 /* presence-server.cc in Sources */,
				225C6DD319D2FBE9009ED695 /* module-datehandler.cc in Sources */,
				225C6DBA19D2FBE9009ED695 /* callstore.cc in Sources */,
				225C6DEF19D2FBE9009ED695 /* xml.cxx in Sources */,
				225C6DF719D2FBE9009ED695 /* registrardb-internal.cc in Sources */,
				225C6DF119D2FBE9009ED695 /* pushnotification.cc in Sources */,
				225C6DEA19D2FBE9009ED695 /* resource-lists.cxx in Sources */,
				225C6DED19D2FBE9009ED695 /* xml-pimpl.cxx in Sources */,
				225C6DC819D2FBE9009ED695 /* forkmessagecontext.cc in Sources */,
				225C6DE319D2FBE9009ED695 /* pidf+xml.cxx in Sources */,
				225C6DDD19D2FBE9009ED695 /* module-router.cc in Sources */,
				225C6DF519D2FBE9009ED695 /* recordserializer-json.cc in Sources */,
				225C6DDC19D2FBE9009ED695 /* module-registrar.cc in Sources */,
				225C6DC319D2FBE9009ED695 /* expressionparser.cc in Sources */,
				225C6DD119D2FBE9009ED695 /* module-auth.cc in Sources */,
				225C6DBE19D2FBE9009ED695 /* dos-protection.cc in Sources */,
				225C6DBF19D2FBE9009ED695 /* entryfilter.cc in Sources */,
				225C6DE719D2FBE9009ED695 /* presentity-presenceinformation.cc in Sources */,
				225C6DF919D2FBE9009ED695 /* registrardb-redis-sync.cc in Sources */,
				225C6DB319D2FBE9009ED695 /* agent.cc in Sources */,
				225C6DF619D2FBE9009ED695 /* recordserializer-protobuf.cc in Sources */,
				225C6DCA19D2FBE9009ED695 /* logmanager.cc in Sources */,
				225C6E0119D2FBE9009ED695 /* binder.cc in Sources */,
				225C6DC419D2FBE9009ED695 /* flexisip-exception.cc in Sources */,
				225C6DCD19D2FBE9009ED695 /* main.cc in Sources */,
				225C6DBB19D2FBE9009ED695 /* common.cc in Sources */,
				225C6DD219D2FBE9009ED695 /* module-contact-route-inserter.cc in Sources */,
				225C6DC619D2FBE9009ED695 /* forkcallcontext.cc in Sources */,
				225C6DF419D2FBE9009ED695 /* recordserializer-c.cc in Sources */,
				225C6E0319D2FBE9009ED695 /* pusher.cc in Sources */,
				225C6DFB19D2FBE9009ED695 /* sdp-modifier.cc in Sources */,
				225C6DBC19D2FBE9009ED695 /* configmanager.cc in Sources */,
				225C6DC919D2FBE9009ED695 /* h264iframefilter.cc in Sources */,
				225C6DF219D2FBE9009ED695 /* pushnotificationclient.cc in Sources */,
				225C6DEE19D2FBE9009ED695 /* xml-pskel.cxx in Sources */,
				225C6DD819D2FBE9009ED695 /* module-mediarelay.cc in Sources */,
				225C6DE419D2FBE9009ED695 /* file-resource-list-manager.cc in Sources */,
				225C6DE019D2FBE9009ED695 /* module.cc in Sources */,
				225C6DE919D2FBE9009ED695 /* resource-lists-pskel.cxx in Sources */,
				225C6DB419D2FBE9009ED695 /* authdb-file.cc in Sources */,
				225C6DB719D2FBE9009ED695 /* cJSON.c in Sources */,
				225C6E0419D2FBE9009ED695 /* serializer.cc in Sources */,
				225C6DEC19D2FBE9009ED695 /* subscription.cc in Sources */,
				225C6DC219D2FBE9009ED695 /* eventlogs.cc in Sources */,
				225C6DB519D2FBE9009ED695 /* authdb-odbc.cc in Sources */,
				225C6DFF19D2FBE9009ED695 /* telephone-event-filter.cc in Sources */,
				225C6DBD19D2FBE9009ED695 /* contact-masquerader.cc in Sources */,
				225C6DCF19D2FBE9009ED695 /* flexisipMIB.c in Sources */,
				225C6DE819D2FBE9009ED695 /* resource-lists-pimpl.cxx in Sources */,
				225C6DFD19D2FBE9009ED695 /* snmp-agent.cc in Sources */,
				225C6DD919D2FBE9009ED695 /* module-nat-helper.cc in Sources */,
				225C6DC519D2FBE9009ED695 /* forkbasiccontext.cc in Sources */,
				225C6DFA19D2FBE9009ED695 /* registrardb.cc in Sources */,
				225C6DB619D2FBE9009ED695 /* authdb.cc in Sources */,
				225C6DF319D2FBE9009ED695 /* pushnotificationservice.cc in Sources */,
				225C6E0219D2FBE9009ED695 /* ctdumper.cc in Sources */,
				225C6DE519D2FBE9009ED695 /* presence-configmanager.cc in Sources */,
				225C6DC119D2FBE9009ED695 /* event.cc in Sources */,
				225C6DFC19D2FBE9009ED695 /* sipattrextractor.cc in Sources */,
				225C6DD619D2FBE9009ED695 /* module-gatewayadapter.cc in Sources */,
				225C6DB819D2FBE9009ED695 /* callcontext-mediarelay.cc in Sources */,
				225C6E0519D2FBE9009ED695 /* transaction.cc in Sources */,
				225C6DD419D2FBE9009ED695 /* module-forward.cc in Sources */,
				225C6DF019D2FBE9009ED695 /* proxy-configmanager.cc in Sources */,
				225C6DD019D2FBE9009ED695 /* flexisipMIB.c in Sources */,
				225C6DD519D2FBE9009ED695 /* module-garbage-in.cc in Sources */,
				225C6DCE19D2FBE9009ED695 /* mediarelay.cc in Sources */,
				225C6DD719D2FBE9009ED695 /* module-loadbalancer.cc in Sources */,
				225C6DDA19D2FBE9009ED695 /* module-presence.cc in Sources */,
				225C6DCC19D2FBE9009ED695 /* lpconfig.cc in Sources */,
				225C6DF819D2FBE9009ED695 /* registrardb-redis-async.cc in Sources */,
				225C6E0019D2FBE9009ED695 /* expr.cc in Sources */,
				225C6DC719D2FBE9009ED695 /* forkcontext.cc in Sources */,
			);
			runOnlyForDeploymentPostprocessing = 0;
		};
/* End PBXSourcesBuildPhase section */

/* Begin XCBuildConfiguration section */
		225C6CED19D2FBD6009ED695 /* Debug */ = {
			isa = XCBuildConfiguration;
			buildSettings = {
				ALWAYS_SEARCH_USER_PATHS = NO;
				CLANG_CXX_LANGUAGE_STANDARD = "gnu++0x";
				CLANG_CXX_LIBRARY = "libc++";
				CLANG_ENABLE_MODULES = YES;
				CLANG_ENABLE_OBJC_ARC = YES;
				CLANG_WARN_BOOL_CONVERSION = YES;
				CLANG_WARN_CONSTANT_CONVERSION = YES;
				CLANG_WARN_DIRECT_OBJC_ISA_USAGE = YES_ERROR;
				CLANG_WARN_EMPTY_BODY = YES;
				CLANG_WARN_ENUM_CONVERSION = YES;
				CLANG_WARN_INT_CONVERSION = YES;
				CLANG_WARN_OBJC_ROOT_CLASS = YES_ERROR;
				CLANG_WARN_UNREACHABLE_CODE = YES;
				CLANG_WARN__DUPLICATE_METHOD_MATCH = YES;
				COPY_PHASE_STRIP = NO;
				ENABLE_STRICT_OBJC_MSGSEND = YES;
				GCC_C_LANGUAGE_STANDARD = gnu99;
				GCC_DYNAMIC_NO_PIC = NO;
				GCC_OPTIMIZATION_LEVEL = 0;
				GCC_PREPROCESSOR_DEFINITIONS = (
					"DEBUG=1",
					"$(inherited)",
				);
				GCC_SYMBOLS_PRIVATE_EXTERN = NO;
				GCC_WARN_64_TO_32_BIT_CONVERSION = YES;
				GCC_WARN_ABOUT_RETURN_TYPE = YES_ERROR;
				GCC_WARN_UNDECLARED_SELECTOR = YES;
				GCC_WARN_UNINITIALIZED_AUTOS = YES_AGGRESSIVE;
				GCC_WARN_UNUSED_FUNCTION = YES;
				GCC_WARN_UNUSED_VARIABLE = YES;
				MACOSX_DEPLOYMENT_TARGET = 10.9;
				MTL_ENABLE_DEBUG_INFO = YES;
				ONLY_ACTIVE_ARCH = YES;
				SDKROOT = macosx;
			};
			name = Debug;
		};
		225C6CEE19D2FBD6009ED695 /* Release */ = {
			isa = XCBuildConfiguration;
			buildSettings = {
				ALWAYS_SEARCH_USER_PATHS = NO;
				CLANG_CXX_LANGUAGE_STANDARD = "gnu++0x";
				CLANG_CXX_LIBRARY = "libc++";
				CLANG_ENABLE_MODULES = YES;
				CLANG_ENABLE_OBJC_ARC = YES;
				CLANG_WARN_BOOL_CONVERSION = YES;
				CLANG_WARN_CONSTANT_CONVERSION = YES;
				CLANG_WARN_DIRECT_OBJC_ISA_USAGE = YES_ERROR;
				CLANG_WARN_EMPTY_BODY = YES;
				CLANG_WARN_ENUM_CONVERSION = YES;
				CLANG_WARN_INT_CONVERSION = YES;
				CLANG_WARN_OBJC_ROOT_CLASS = YES_ERROR;
				CLANG_WARN_UNREACHABLE_CODE = YES;
				CLANG_WARN__DUPLICATE_METHOD_MATCH = YES;
				COPY_PHASE_STRIP = YES;
				DEBUG_INFORMATION_FORMAT = "dwarf-with-dsym";
				ENABLE_NS_ASSERTIONS = NO;
				ENABLE_STRICT_OBJC_MSGSEND = YES;
				GCC_C_LANGUAGE_STANDARD = gnu99;
				GCC_WARN_64_TO_32_BIT_CONVERSION = YES;
				GCC_WARN_ABOUT_RETURN_TYPE = YES_ERROR;
				GCC_WARN_UNDECLARED_SELECTOR = YES;
				GCC_WARN_UNINITIALIZED_AUTOS = YES_AGGRESSIVE;
				GCC_WARN_UNUSED_FUNCTION = YES;
				GCC_WARN_UNUSED_VARIABLE = YES;
				MACOSX_DEPLOYMENT_TARGET = 10.9;
				MTL_ENABLE_DEBUG_INFO = NO;
				SDKROOT = macosx;
			};
			name = Release;
		};
		225C6CF019D2FBD6009ED695 /* Debug */ = {
			isa = XCBuildConfiguration;
			buildSettings = {
				PRODUCT_NAME = "$(TARGET_NAME)";
			};
			name = Debug;
		};
		225C6CF119D2FBD6009ED695 /* Release */ = {
			isa = XCBuildConfiguration;
			buildSettings = {
				PRODUCT_NAME = "$(TARGET_NAME)";
			};
			name = Release;
		};
/* End XCBuildConfiguration section */

/* Begin XCConfigurationList section */
		225C6CE319D2FBD6009ED695 /* Build configuration list for PBXProject "dummy" */ = {
			isa = XCConfigurationList;
			buildConfigurations = (
				225C6CED19D2FBD6009ED695 /* Debug */,
				225C6CEE19D2FBD6009ED695 /* Release */,
			);
			defaultConfigurationIsVisible = 0;
			defaultConfigurationName = Release;
		};
		225C6CEF19D2FBD6009ED695 /* Build configuration list for PBXNativeTarget "dummy" */ = {
			isa = XCConfigurationList;
			buildConfigurations = (
				225C6CF019D2FBD6009ED695 /* Debug */,
				225C6CF119D2FBD6009ED695 /* Release */,
			);
			defaultConfigurationIsVisible = 0;
		};
/* End XCConfigurationList section */
	};
	rootObject = 225C6CE019D2FBD6009ED695 /* Project object */;
}
